
Microsoft Visual Studio Solution File, Format Version 12.00
# Visual Studio Version 17
VisualStudioVersion = 17.9.34616.47
MinimumVisualStudioVersion = 10.0.40219.1
Project("{FAE04EC0-301F-11D3-BF4B-00C04F79EFBC}") = "Assignment 1 Adv", "Assignment 1 Adv\Assignment 1 Adv.csproj", "{F2729F47-4A35-46DD-AA74-854572E50E89}"
EndProject
Global
	GlobalSection(SolutionConfigurationPlatforms) = preSolution
		Debug|Any CPU = Debug|Any CPU
		Release|Any CPU = Release|Any CPU
	EndGlobalSection
	GlobalSection(ProjectConfigurationPlatforms) = postSolution
		{F2729F47-4A35-46DD-AA74-854572E50E89}.Debug|Any CPU.ActiveCfg = Debug|Any CPU
		{F2729F47-4A35-46DD-AA74-854572E50E89}.Debug|Any CPU.Build.0 = Debug|Any CPU
		{F2729F47-4A35-46DD-AA74-854572E50E89}.Release|Any CPU.ActiveCfg = Release|Any CPU
		{F2729F47-4A35-46DD-AA74-854572E50E89}.Release|Any CPU.Build.0 = Release|Any CPU
	EndGlobalSection
	GlobalSection(SolutionProperties) = preSolution
		HideSolutionNode = FALSE
	EndGlobalSection
	GlobalSection(ExtensibilityGlobals) = postSolution
		SolutionGuid = {B93F9985-C276-4E57-9D30-E66B6B506E03}
	EndGlobalSection
EndGlobal
